// !$*UTF8*$!
{
	archiveVersion = 1;
	classes = {
	};
	objectVersion = 50;
	objects = {

/* Begin PBXBuildFile section */
		DBDA688C22B773AE0095682E /* AppDelegate.swift in Sources */ = {isa = PBXBuildFile; fileRef = DBDA688B22B773AE0095682E /* AppDelegate.swift */; };
		DBDA688E22B773AE0095682E /* ViewController.swift in Sources */ = {isa = PBXBuildFile; fileRef = DBDA688D22B773AE0095682E /* ViewController.swift */; };
		DBDA689122B773AE0095682E /* Main.storyboard in Resources */ = {isa = PBXBuildFile; fileRef = DBDA688F22B773AE0095682E /* Main.storyboard */; };
		DBDA689322B773B00095682E /* Assets.xcassets in Resources */ = {isa = PBXBuildFile; fileRef = DBDA689222B773B00095682E /* Assets.xcassets */; };
		DBDA689622B773B00095682E /* LaunchScreen.storyboard in Resources */ = {isa = PBXBuildFile; fileRef = DBDA689422B773B00095682E /* LaunchScreen.storyboard */; };
		DBDA68A122B773B00095682E /* amahako_APITests.swift in Sources */ = {isa = PBXBuildFile; fileRef = DBDA68A022B773B00095682E /* amahako_APITests.swift */; };
		DBDA68AC22B773B00095682E /* amahako_APIUITests.swift in Sources */ = {isa = PBXBuildFile; fileRef = DBDA68AB22B773B00095682E /* amahako_APIUITests.swift */; };
/* End PBXBuildFile section */

/* Begin PBXContainerItemProxy section */
		DBDA689D22B773B00095682E /* PBXContainerItemProxy */ = {
			isa = PBXContainerItemProxy;
			containerPortal = DBDA688022B773AE0095682E /* Project object */;
			proxyType = 1;
			remoteGlobalIDString = DBDA688722B773AE0095682E;
			remoteInfo = amahako_API;
		};
		DBDA68A822B773B00095682E /* PBXContainerItemProxy */ = {
			isa = PBXContainerItemProxy;
			containerPortal = DBDA688022B773AE0095682E /* Project object */;
			proxyType = 1;
			remoteGlobalIDString = DBDA688722B773AE0095682E;
			remoteInfo = amahako_API;
		};
/* End PBXContainerItemProxy section */

/* Begin PBXFileReference section */
		DBDA688822B773AE0095682E /* amahako_API.app */ = {isa = PBXFileReference; explicitFileType = wrapper.application; includeInIndex = 0; path = amahako_API.app; sourceTree = BUILT_PRODUCTS_DIR; };
		DBDA688B22B773AE0095682E /* AppDelegate.swift */ = {isa = PBXFileReference; lastKnownFileType = sourcecode.swift; path = AppDelegate.swift; sourceTree = "<group>"; };
		DBDA688D22B773AE0095682E /* ViewController.swift */ = {isa = PBXFileReference; lastKnownFileType = sourcecode.swift; path = ViewController.swift; sourceTree = "<group>"; };
		DBDA689022B773AE0095682E /* Base */ = {isa = PBXFileReference; lastKnownFileType = file.storyboard; name = Base; path = Base.lproj/Main.storyboard; sourceTree = "<group>"; };
		DBDA689222B773B00095682E /* Assets.xcassets */ = {isa = PBXFileReference; lastKnownFileType = folder.assetcatalog; path = Assets.xcassets; sourceTree = "<group>"; };
		DBDA689522B773B00095682E /* Base */ = {isa = PBXFileReference; lastKnownFileType = file.storyboard; name = Base; path = Base.lproj/LaunchScreen.storyboard; sourceTree = "<group>"; };
		DBDA689722B773B00095682E /* Info.plist */ = {isa = PBXFileReference; lastKnownFileType = text.plist.xml; path = Info.plist; sourceTree = "<group>"; };
		DBDA689C22B773B00095682E /* amahako_APITests.xctest */ = {isa = PBXFileReference; explicitFileType = wrapper.cfbundle; includeInIndex = 0; path = amahako_APITests.xctest; sourceTree = BUILT_PRODUCTS_DIR; };
		DBDA68A022B773B00095682E /* amahako_APITests.swift */ = {isa = PBXFileReference; lastKnownFileType = sourcecode.swift; path = amahako_APITests.swift; sourceTree = "<group>"; };
		DBDA68A222B773B00095682E /* Info.plist */ = {isa = PBXFileReference; lastKnownFileType = text.plist.xml; path = Info.plist; sourceTree = "<group>"; };
		DBDA68A722B773B00095682E /* amahako_APIUITests.xctest */ = {isa = PBXFileReference; explicitFileType = wrapper.cfbundle; includeInIndex = 0; path = amahako_APIUITests.xctest; sourceTree = BUILT_PRODUCTS_DIR; };
		DBDA68AB22B773B00095682E /* amahako_APIUITests.swift */ = {isa = PBXFileReference; lastKnownFileType = sourcecode.swift; path = amahako_APIUITests.swift; sourceTree = "<group>"; };
		DBDA68AD22B773B00095682E /* Info.plist */ = {isa = PBXFileReference; lastKnownFileType = text.plist.xml; path = Info.plist; sourceTree = "<group>"; };
/* End PBXFileReference section */

/* Begin PBXFrameworksBuildPhase section */
		DBDA688522B773AE0095682E /* Frameworks */ = {
			isa = PBXFrameworksBuildPhase;
			buildActionMask = 2147483647;
			files = (
			);
			runOnlyForDeploymentPostprocessing = 0;
		};
		DBDA689922B773B00095682E /* Frameworks */ = {
			isa = PBXFrameworksBuildPhase;
			buildActionMask = 2147483647;
			files = (
			);
			runOnlyForDeploymentPostprocessing = 0;
		};
		DBDA68A422B773B00095682E /* Frameworks */ = {
			isa = PBXFrameworksBuildPhase;
			buildActionMask = 2147483647;
			files = (
			);
			runOnlyForDeploymentPostprocessing = 0;
		};
/* End PBXFrameworksBuildPhase section */

/* Begin PBXGroup section */
		DBDA687F22B773AE0095682E = {
			isa = PBXGroup;
			children = (
				DBDA688A22B773AE0095682E /* amahako_API */,
				DBDA689F22B773B00095682E /* amahako_APITests */,
				DBDA68AA22B773B00095682E /* amahako_APIUITests */,
				DBDA688922B773AE0095682E /* Products */,
			);
			sourceTree = "<group>";
		};
		DBDA688922B773AE0095682E /* Products */ = {
			isa = PBXGroup;
			children = (
				DBDA688822B773AE0095682E /* amahako_API.app */,
				DBDA689C22B773B00095682E /* amahako_APITests.xctest */,
				DBDA68A722B773B00095682E /* amahako_APIUITests.xctest */,
			);
			name = Products;
			sourceTree = "<group>";
		};
		DBDA688A22B773AE0095682E /* amahako_API */ = {
			isa = PBXGroup;
			children = (
				DBDA688B22B773AE0095682E /* AppDelegate.swift */,
				DBDA688D22B773AE0095682E /* ViewController.swift */,
				DBDA688F22B773AE0095682E /* Main.storyboard */,
				DBDA689222B773B00095682E /* Assets.xcassets */,
				DBDA689422B773B00095682E /* LaunchScreen.storyboard */,
				DBDA689722B773B00095682E /* Info.plist */,
			);
			path = amahako_API;
			sourceTree = "<group>";
		};
		DBDA689F22B773B00095682E /* amahako_APITests */ = {
			isa = PBXGroup;
			children = (
				DBDA68A022B773B00095682E /* amahako_APITests.swift */,
				DBDA68A222B773B00095682E /* Info.plist */,
			);
			path = amahako_APITests;
			sourceTree = "<group>";
		};
		DBDA68AA22B773B00095682E /* amahako_APIUITests */ = {
			isa = PBXGroup;
			children = (
				DBDA68AB22B773B00095682E /* amahako_APIUITests.swift */,
				DBDA68AD22B773B00095682E /* Info.plist */,
			);
			path = amahako_APIUITests;
			sourceTree = "<group>";
		};
/* End PBXGroup section */

/* Begin PBXNativeTarget section */
		DBDA688722B773AE0095682E /* amahako_API */ = {
			isa = PBXNativeTarget;
			buildConfigurationList = DBDA68B022B773B00095682E /* Build configuration list for PBXNativeTarget "amahako_API" */;
			buildPhases = (
				DBDA688422B773AE0095682E /* Sources */,
				DBDA688522B773AE0095682E /* Frameworks */,
				DBDA688622B773AE0095682E /* Resources */,
			);
			buildRules = (
			);
			dependencies = (
			);
			name = amahako_API;
			productName = amahako_API;
			productReference = DBDA688822B773AE0095682E /* amahako_API.app */;
			productType = "com.apple.product-type.application";
		};
		DBDA689B22B773B00095682E /* amahako_APITests */ = {
			isa = PBXNativeTarget;
			buildConfigurationList = DBDA68B322B773B00095682E /* Build configuration list for PBXNativeTarget "amahako_APITests" */;
			buildPhases = (
				DBDA689822B773B00095682E /* Sources */,
				DBDA689922B773B00095682E /* Frameworks */,
				DBDA689A22B773B00095682E /* Resources */,
			);
			buildRules = (
			);
			dependencies = (
				DBDA689E22B773B00095682E /* PBXTargetDependency */,
			);
			name = amahako_APITests;
			productName = amahako_APITests;
			productReference = DBDA689C22B773B00095682E /* amahako_APITests.xctest */;
			productType = "com.apple.product-type.bundle.unit-test";
		};
		DBDA68A622B773B00095682E /* amahako_APIUITests */ = {
			isa = PBXNativeTarget;
			buildConfigurationList = DBDA68B622B773B00095682E /* Build configuration list for PBXNativeTarget "amahako_APIUITests" */;
			buildPhases = (
				DBDA68A322B773B00095682E /* Sources */,
				DBDA68A422B773B00095682E /* Frameworks */,
				DBDA68A522B773B00095682E /* Resources */,
			);
			buildRules = (
			);
			dependencies = (
				DBDA68A922B773B00095682E /* PBXTargetDependency */,
			);
			name = amahako_APIUITests;
			productName = amahako_APIUITests;
			productReference = DBDA68A722B773B00095682E /* amahako_APIUITests.xctest */;
			productType = "com.apple.product-type.bundle.ui-testing";
		};
/* End PBXNativeTarget section */

/* Begin PBXProject section */
		DBDA688022B773AE0095682E /* Project object */ = {
			isa = PBXProject;
			attributes = {
				LastSwiftUpdateCheck = 1020;
				LastUpgradeCheck = 1020;
				ORGANIZATIONNAME = "Yutaro Sakai";
				TargetAttributes = {
					DBDA688722B773AE0095682E = {
						CreatedOnToolsVersion = 10.2.1;
					};
					DBDA689B22B773B00095682E = {
						CreatedOnToolsVersion = 10.2.1;
						TestTargetID = DBDA688722B773AE0095682E;
					};
					DBDA68A622B773B00095682E = {
						CreatedOnToolsVersion = 10.2.1;
						TestTargetID = DBDA688722B773AE0095682E;
					};
				};
			};
			buildConfigurationList = DBDA688322B773AE0095682E /* Build configuration list for PBXProject "amahako_API" */;
			compatibilityVersion = "Xcode 9.3";
			developmentRegion = en;
			hasScannedForEncodings = 0;
			knownRegions = (
				en,
				Base,
			);
			mainGroup = DBDA687F22B773AE0095682E;
			productRefGroup = DBDA688922B773AE0095682E /* Products */;
			projectDirPath = "";
			projectRoot = "";
			targets = (
				DBDA688722B773AE0095682E /* amahako_API */,
				DBDA689B22B773B00095682E /* amahako_APITests */,
				DBDA68A622B773B00095682E /* amahako_APIUITests */,
			);
		};
/* End PBXProject section */

/* Begin PBXResourcesBuildPhase section */
		DBDA688622B773AE0095682E /* Resources */ = {
			isa = PBXResourcesBuildPhase;
			buildActionMask = 2147483647;
			files = (
				DBDA689622B773B00095682E /* LaunchScreen.storyboard in Resources */,
				DBDA689322B773B00095682E /* Assets.xcassets in Resources */,
				DBDA689122B773AE0095682E /* Main.storyboard in Resources */,
			);
			runOnlyForDeploymentPostprocessing = 0;
		};
		DBDA689A22B773B00095682E /* Resources */ = {
			isa = PBXResourcesBuildPhase;
			buildActionMask = 2147483647;
			files = (
			);
			runOnlyForDeploymentPostprocessing = 0;
		};
		DBDA68A522B773B00095682E /* Resources */ = {
			isa = PBXResourcesBuildPhase;
			buildActionMask = 2147483647;
			files = (
			);
			runOnlyForDeploymentPostprocessing = 0;
		};
/* End PBXResourcesBuildPhase section */

/* Begin PBXSourcesBuildPhase section */
		DBDA688422B773AE0095682E /* Sources */ = {
			isa = PBXSourcesBuildPhase;
			buildActionMask = 2147483647;
			files = (
				DBDA688E22B773AE0095682E /* ViewController.swift in Sources */,
				DBDA688C22B773AE0095682E /* AppDelegate.swift in Sources */,
			);
			runOnlyForDeploymentPostprocessing = 0;
		};
		DBDA689822B773B00095682E /* Sources */ = {
			isa = PBXSourcesBuildPhase;
			buildActionMask = 2147483647;
			files = (
				DBDA68A122B773B00095682E /* amahako_APITests.swift in Sources */,
			);
			runOnlyForDeploymentPostprocessing = 0;
		};
		DBDA68A322B773B00095682E /* Sources */ = {
			isa = PBXSourcesBuildPhase;
			buildActionMask = 2147483647;
			files = (
				DBDA68AC22B773B00095682E /* amahako_APIUITests.swift in Sources */,
			);
			runOnlyForDeploymentPostprocessing = 0;
		};
/* End PBXSourcesBuildPhase section */

/* Begin PBXTargetDependency section */
		DBDA689E22B773B00095682E /* PBXTargetDependency */ = {
			isa = PBXTargetDependency;
			target = DBDA688722B773AE0095682E /* amahako_API */;
			targetProxy = DBDA689D22B773B00095682E /* PBXContainerItemProxy */;
		};
		DBDA68A922B773B00095682E /* PBXTargetDependency */ = {
			isa = PBXTargetDependency;
			target = DBDA688722B773AE0095682E /* amahako_API */;
			targetProxy = DBDA68A822B773B00095682E /* PBXContainerItemProxy */;
		};
/* End PBXTargetDependency section */

/* Begin PBXVariantGroup section */
		DBDA688F22B773AE0095682E /* Main.storyboard */ = {
			isa = PBXVariantGroup;
			children = (
				DBDA689022B773AE0095682E /* Base */,
			);
			name = Main.storyboard;
			sourceTree = "<group>";
		};
		DBDA689422B773B00095682E /* LaunchScreen.storyboard */ = {
			isa = PBXVariantGroup;
			children = (
				DBDA689522B773B00095682E /* Base */,
			);
			name = LaunchScreen.storyboard;
			sourceTree = "<group>";
		};
/* End PBXVariantGroup section */

/* Begin XCBuildConfiguration section */
		DBDA68AE22B773B00095682E /* Debug */ = {
			isa = XCBuildConfiguration;
			buildSettings = {
				ALWAYS_SEARCH_USER_PATHS = NO;
				CLANG_ANALYZER_NONNULL = YES;
				CLANG_ANALYZER_NUMBER_OBJECT_CONVERSION = YES_AGGRESSIVE;
				CLANG_CXX_LANGUAGE_STANDARD = "gnu++14";
				CLANG_CXX_LIBRARY = "libc++";
				CLANG_ENABLE_MODULES = YES;
				CLANG_ENABLE_OBJC_ARC = YES;
				CLANG_ENABLE_OBJC_WEAK = YES;
				CLANG_WARN_BLOCK_CAPTURE_AUTORELEASING = YES;
				CLANG_WARN_BOOL_CONVERSION = YES;
				CLANG_WARN_COMMA = YES;
				CLANG_WARN_CONSTANT_CONVERSION = YES;
				CLANG_WARN_DEPRECATED_OBJC_IMPLEMENTATIONS = YES;
				CLANG_WARN_DIRECT_OBJC_ISA_USAGE = YES_ERROR;
				CLANG_WARN_DOCUMENTATION_COMMENTS = YES;
				CLANG_WARN_EMPTY_BODY = YES;
				CLANG_WARN_ENUM_CONVERSION = YES;
				CLANG_WARN_INFINITE_RECURSION = YES;
				CLANG_WARN_INT_CONVERSION = YES;
				CLANG_WARN_NON_LITERAL_NULL_CONVERSION = YES;
				CLANG_WARN_OBJC_IMPLICIT_RETAIN_SELF = YES;
				CLANG_WARN_OBJC_LITERAL_CONVERSION = YES;
				CLANG_WARN_OBJC_ROOT_CLASS = YES_ERROR;
				CLANG_WARN_RANGE_LOOP_ANALYSIS = YES;
				CLANG_WARN_STRICT_PROTOTYPES = YES;
				CLANG_WARN_SUSPICIOUS_MOVE = YES;
				CLANG_WARN_UNGUARDED_AVAILABILITY = YES_AGGRESSIVE;
				CLANG_WARN_UNREACHABLE_CODE = YES;
				CLANG_WARN__DUPLICATE_METHOD_MATCH = YES;
				CODE_SIGN_IDENTITY = "iPhone Developer";
				COPY_PHASE_STRIP = NO;
				DEBUG_INFORMATION_FORMAT = dwarf;
				ENABLE_STRICT_OBJC_MSGSEND = YES;
				ENABLE_TESTABILITY = YES;
				GCC_C_LANGUAGE_STANDARD = gnu11;
				GCC_DYNAMIC_NO_PIC = NO;
				GCC_NO_COMMON_BLOCKS = YES;
				GCC_OPTIMIZATION_LEVEL = 0;
				GCC_PREPROCESSOR_DEFINITIONS = (
					"DEBUG=1",
					"$(inherited)",
				);
				GCC_WARN_64_TO_32_BIT_CONVERSION = YES;
				GCC_WARN_ABOUT_RETURN_TYPE = YES_ERROR;
				GCC_WARN_UNDECLARED_SELECTOR = YES;
				GCC_WARN_UNINITIALIZED_AUTOS = YES_AGGRESSIVE;
				GCC_WARN_UNUSED_FUNCTION = YES;
				GCC_WARN_UNUSED_VARIABLE = YES;
				IPHONEOS_DEPLOYMENT_TARGET = 12.2;
				MTL_ENABLE_DEBUG_INFO = INCLUDE_SOURCE;
				MTL_FAST_MATH = YES;
				ONLY_ACTIVE_ARCH = YES;
				SDKROOT = iphoneos;
				SWIFT_ACTIVE_COMPILATION_CONDITIONS = DEBUG;
				SWIFT_OPTIMIZATION_LEVEL = "-Onone";
			};
			name = Debug;
		};
		DBDA68AF22B773B00095682E /* Release */ = {
			isa = XCBuildConfiguration;
			buildSettings = {
				ALWAYS_SEARCH_USER_PATHS = NO;
				CLANG_ANALYZER_NONNULL = YES;
				CLANG_ANALYZER_NUMBER_OBJECT_CONVERSION = YES_AGGRESSIVE;
				CLANG_CXX_LANGUAGE_STANDARD = "gnu++14";
				CLANG_CXX_LIBRARY = "libc++";
				CLANG_ENABLE_MODULES = YES;
				CLANG_ENABLE_OBJC_ARC = YES;
				CLANG_ENABLE_OBJC_WEAK = YES;
				CLANG_WARN_BLOCK_CAPTURE_AUTORELEASING = YES;
				CLANG_WARN_BOOL_CONVERSION = YES;
				CLANG_WARN_COMMA = YES;
				CLANG_WARN_CONSTANT_CONVERSION = YES;
				CLANG_WARN_DEPRECATED_OBJC_IMPLEMENTATIONS = YES;
				CLANG_WARN_DIRECT_OBJC_ISA_USAGE = YES_ERROR;
				CLANG_WARN_DOCUMENTATION_COMMENTS = YES;
				CLANG_WARN_EMPTY_BODY = YES;
				CLANG_WARN_ENUM_CONVERSION = YES;
				CLANG_WARN_INFINITE_RECURSION = YES;
				CLANG_WARN_INT_CONVERSION = YES;
				CLANG_WARN_NON_LITERAL_NULL_CONVERSION = YES;
				CLANG_WARN_OBJC_IMPLICIT_RETAIN_SELF = YES;
				CLANG_WARN_OBJC_LITERAL_CONVERSION = YES;
				CLANG_WARN_OBJC_ROOT_CLASS = YES_ERROR;
				CLANG_WARN_RANGE_LOOP_ANALYSIS = YES;
				CLANG_WARN_STRICT_PROTOTYPES = YES;
				CLANG_WARN_SUSPICIOUS_MOVE = YES;
				CLANG_WARN_UNGUARDED_AVAILABILITY = YES_AGGRESSIVE;
				CLANG_WARN_UNREACHABLE_CODE = YES;
				CLANG_WARN__DUPLICATE_METHOD_MATCH = YES;
				CODE_SIGN_IDENTITY = "iPhone Developer";
				COPY_PHASE_STRIP = NO;
				DEBUG_INFORMATION_FORMAT = "dwarf-with-dsym";
				ENABLE_NS_ASSERTIONS = NO;
				ENABLE_STRICT_OBJC_MSGSEND = YES;
				GCC_C_LANGUAGE_STANDARD = gnu11;
				GCC_NO_COMMON_BLOCKS = YES;
				GCC_WARN_64_TO_32_BIT_CONVERSION = YES;
				GCC_WARN_ABOUT_RETURN_TYPE = YES_ERROR;
				GCC_WARN_UNDECLARED_SELECTOR = YES;
				GCC_WARN_UNINITIALIZED_AUTOS = YES_AGGRESSIVE;
				GCC_WARN_UNUSED_FUNCTION = YES;
				GCC_WARN_UNUSED_VARIABLE = YES;
				IPHONEOS_DEPLOYMENT_TARGET = 12.2;
				MTL_ENABLE_DEBUG_INFO = NO;
				MTL_FAST_MATH = YES;
				SDKROOT = iphoneos;
				SWIFT_COMPILATION_MODE = wholemodule;
				SWIFT_OPTIMIZATION_LEVEL = "-O";
				VALIDATE_PRODUCT = YES;
			};
			name = Release;
		};
		DBDA68B122B773B00095682E /* Debug */ = {
			isa = XCBuildConfiguration;
			buildSettings = {
				ASSETCATALOG_COMPILER_APPICON_NAME = AppIcon;
				CODE_SIGN_STYLE = Automatic;
				DEVELOPMENT_TEAM = G6G99FH3BK;
				INFOPLIST_FILE = amahako_API/Info.plist;
				LD_RUNPATH_SEARCH_PATHS = (
					"$(inherited)",
					"@executable_path/Frameworks",
				);
				PRODUCT_BUNDLE_IDENTIFIER = "b1018133-fun.ac.jp.amahako-API";
				PRODUCT_NAME = "$(TARGET_NAME)";
				SWIFT_VERSION = 5.0;
				TARGETED_DEVICE_FAMILY = "1,2";
			};
			name = Debug;
		};
		DBDA68B222B773B00095682E /* Release */ = {
			isa = XCBuildConfiguration;
			buildSettings = {
				ASSETCATALOG_COMPILER_APPICON_NAME = AppIcon;
				CODE_SIGN_STYLE = Automatic;
				DEVELOPMENT_TEAM = G6G99FH3BK;
				INFOPLIST_FILE = amahako_API/Info.plist;
				LD_RUNPATH_SEARCH_PATHS = (
					"$(inherited)",
					"@executable_path/Frameworks",
				);
				PRODUCT_BUNDLE_IDENTIFIER = "b1018133-fun.ac.jp.amahako-API";
				PRODUCT_NAME = "$(TARGET_NAME)";
				SWIFT_VERSION = 5.0;
				TARGETED_DEVICE_FAMILY = "1,2";
			};
			name = Release;
		};
		DBDA68B422B773B00095682E /* Debug */ = {
			isa = XCBuildConfiguration;
			buildSettings = {
				ALWAYS_EMBED_SWIFT_STANDARD_LIBRARIES = YES;
				BUNDLE_LOADER = "$(TEST_HOST)";
				CODE_SIGN_STYLE = Automatic;
				DEVELOPMENT_TEAM = G6G99FH3BK;
				INFOPLIST_FILE = amahako_APITests/Info.plist;
				LD_RUNPATH_SEARCH_PATHS = (
					"$(inherited)",
					"@executable_path/Frameworks",
					"@loader_path/Frameworks",
				);
				PRODUCT_BUNDLE_IDENTIFIER = "b1018133-fun.ac.jp.amahako-APITests";
				PRODUCT_NAME = "$(TARGET_NAME)";
				SWIFT_VERSION = 5.0;
				TARGETED_DEVICE_FAMILY = "1,2";
				TEST_HOST = "$(BUILT_PRODUCTS_DIR)/amahako_API.app/amahako_API";
			};
			name = Debug;
		};
		DBDA68B522B773B00095682E /* Release */ = {
			isa = XCBuildConfiguration;
			buildSettings = {
				ALWAYS_EMBED_SWIFT_STANDARD_LIBRARIES = YES;
				BUNDLE_LOADER = "$(TEST_HOST)";
				CODE_SIGN_STYLE = Automatic;
				DEVELOPMENT_TEAM = G6G99FH3BK;
				INFOPLIST_FILE = amahako_APITests/Info.plist;
				LD_RUNPATH_SEARCH_PATHS = (
					"$(inherited)",
					"@executable_path/Frameworks",
					"@loader_path/Frameworks",
				);
				PRODUCT_BUNDLE_IDENTIFIER = "b1018133-fun.ac.jp.amahako-APITests";
				PRODUCT_NAME = "$(TARGET_NAME)";
				SWIFT_VERSION = 5.0;
				TARGETED_DEVICE_FAMILY = "1,2";
				TEST_HOST = "$(BUILT_PRODUCTS_DIR)/amahako_API.app/amahako_API";
			};
			name = Release;
		};
		DBDA68B722B773B00095682E /* Debug */ = {
			isa = XCBuildConfiguration;
			buildSettings = {
				ALWAYS_EMBED_SWIFT_STANDARD_LIBRARIES = YES;
				CODE_SIGN_STYLE = Automatic;
				DEVELOPMENT_TEAM = G6G99FH3BK;
				INFOPLIST_FILE = amahako_APIUITests/Info.plist;
				LD_RUNPATH_SEARCH_PATHS = (
					"$(inherited)",
					"@executable_path/Frameworks",
					"@loader_path/Frameworks",
				);
				PRODUCT_BUNDLE_IDENTIFIER = "b1018133-fun.ac.jp.amahako-APIUITests";
				PRODUCT_NAME = "$(TARGET_NAME)";
				SWIFT_VERSION = 5.0;
				TARGETED_DEVICE_FAMILY = "1,2";
				TEST_TARGET_NAME = amahako_API;
			};
			name = Debug;
		};
		DBDA68B822B773B00095682E /* Release */ = {
			isa = XCBuildConfiguration;
			buildSettings = {
				ALWAYS_EMBED_SWIFT_STANDARD_LIBRARIES = YES;
				CODE_SIGN_STYLE = Automatic;
				DEVELOPMENT_TEAM = G6G99FH3BK;
				INFOPLIST_FILE = amahako_APIUITests/Info.plist;
				LD_RUNPATH_SEARCH_PATHS = (
					"$(inherited)",
					"@executable_path/Frameworks",
					"@loader_path/Frameworks",
				);
				PRODUCT_BUNDLE_IDENTIFIER = "b1018133-fun.ac.jp.amahako-APIUITests";
				PRODUCT_NAME = "$(TARGET_NAME)";
				SWIFT_VERSION = 5.0;
				TARGETED_DEVICE_FAMILY = "1,2";
				TEST_TARGET_NAME = amahako_API;
			};
			name = Release;
		};
/* End XCBuildConfiguration section */

/* Begin XCConfigurationList section */
		DBDA688322B773AE0095682E /* Build configuration list for PBXProject "amahako_API" */ = {
			isa = XCConfigurationList;
			buildConfigurations = (
				DBDA68AE22B773B00095682E /* Debug */,
				DBDA68AF22B773B00095682E /* Release */,
			);
			defaultConfigurationIsVisible = 0;
			defaultConfigurationName = Release;
		};
		DBDA68B022B773B00095682E /* Build configuration list for PBXNativeTarget "amahako_API" */ = {
			isa = XCConfigurationList;
			buildConfigurations = (
				DBDA68B122B773B00095682E /* Debug */,
				DBDA68B222B773B00095682E /* Release */,
			);
			defaultConfigurationIsVisible = 0;
			defaultConfigurationName = Release;
		};
		DBDA68B322B773B00095682E /* Build configuration list for PBXNativeTarget "amahako_APITests" */ = {
			isa = XCConfigurationList;
			buildConfigurations = (
				DBDA68B422B773B00095682E /* Debug */,
				DBDA68B522B773B00095682E /* Release */,
			);
			defaultConfigurationIsVisible = 0;
			defaultConfigurationName = Release;
		};
		DBDA68B622B773B00095682E /* Build configuration list for PBXNativeTarget "amahako_APIUITests" */ = {
			isa = XCConfigurationList;
			buildConfigurations = (
				DBDA68B722B773B00095682E /* Debug */,
				DBDA68B822B773B00095682E /* Release */,
			);
			defaultConfigurationIsVisible = 0;
			defaultConfigurationName = Release;
		};
/* End XCConfigurationList section */
	};
	rootObject = DBDA688022B773AE0095682E /* Project object */;
}
